// !$*UTF8*$!
{
	archiveVersion = 1;
	classes = {
	};
	objectVersion = 50;
	objects = {

/* Begin PBXBuildFile section */
		36302D2424AB7B2A001CA08C /* AppDelegate.swift in Sources */ = {isa = PBXBuildFile; fileRef = 36302D2324AB7B2A001CA08C /* AppDelegate.swift */; };
		36302D2624AB7B2A001CA08C /* ViewController.swift in Sources */ = {isa = PBXBuildFile; fileRef = 36302D2524AB7B2A001CA08C /* ViewController.swift */; };
		36302D2924AB7B2A001CA08C /* ModelingTool.xcdatamodeld in Sources */ = {isa = PBXBuildFile; fileRef = 36302D2724AB7B2A001CA08C /* ModelingTool.xcdatamodeld */; };
		36302D2B24AB7B2C001CA08C /* Assets.xcassets in Resources */ = {isa = PBXBuildFile; fileRef = 36302D2A24AB7B2C001CA08C /* Assets.xcassets */; };
		36302D2E24AB7B2C001CA08C /* Main.storyboard in Resources */ = {isa = PBXBuildFile; fileRef = 36302D2C24AB7B2C001CA08C /* Main.storyboard */; };
		36302D3724AB7C0D001CA08C /* BrandStruct.swift in Sources */ = {isa = PBXBuildFile; fileRef = 36302D3624AB7C0D001CA08C /* BrandStruct.swift */; };
		36302D3A24AB823C001CA08C /* GlobalConstants.swift in Sources */ = {isa = PBXBuildFile; fileRef = 36302D3924AB823C001CA08C /* GlobalConstants.swift */; };
		36DD1F7724AC459D00D1AFF5 /* TemplateItemCell.swift in Sources */ = {isa = PBXBuildFile; fileRef = 36DD1F7624AC459D00D1AFF5 /* TemplateItemCell.swift */; };
		36DD1F7924AC5BA400D1AFF5 /* RecipeTemplateCell.swift in Sources */ = {isa = PBXBuildFile; fileRef = 36DD1F7824AC5BA400D1AFF5 /* RecipeTemplateCell.swift */; };
		36DD1F7E24ACC8DA00D1AFF5 /* ProductNamePriceCell.swift in Sources */ = {isa = PBXBuildFile; fileRef = 36DD1F7D24ACC8DA00D1AFF5 /* ProductNamePriceCell.swift */; };
		36DD1F8224AD833200D1AFF5 /* RecipeItemsCell.swift in Sources */ = {isa = PBXBuildFile; fileRef = 36DD1F8124AD833200D1AFF5 /* RecipeItemsCell.swift */; };
		36DD1F8724B14E0700D1AFF5 /* TemplateSequenceCell.swift in Sources */ = {isa = PBXBuildFile; fileRef = 36DD1F8624B14E0700D1AFF5 /* TemplateSequenceCell.swift */; };
/* End PBXBuildFile section */

/* Begin PBXFileReference section */
		36302D2024AB7B2A001CA08C /* ModelingTool.app */ = {isa = PBXFileReference; explicitFileType = wrapper.application; includeInIndex = 0; path = ModelingTool.app; sourceTree = BUILT_PRODUCTS_DIR; };
		36302D2324AB7B2A001CA08C /* AppDelegate.swift */ = {isa = PBXFileReference; lastKnownFileType = sourcecode.swift; path = AppDelegate.swift; sourceTree = "<group>"; };
		36302D2524AB7B2A001CA08C /* ViewController.swift */ = {isa = PBXFileReference; lastKnownFileType = sourcecode.swift; path = ViewController.swift; sourceTree = "<group>"; };
		36302D2824AB7B2A001CA08C /* ModelingTool.xcdatamodel */ = {isa = PBXFileReference; lastKnownFileType = wrapper.xcdatamodel; path = ModelingTool.xcdatamodel; sourceTree = "<group>"; };
		36302D2A24AB7B2C001CA08C /* Assets.xcassets */ = {isa = PBXFileReference; lastKnownFileType = folder.assetcatalog; path = Assets.xcassets; sourceTree = "<group>"; };
		36302D2D24AB7B2C001CA08C /* Base */ = {isa = PBXFileReference; lastKnownFileType = file.storyboard; name = Base; path = Base.lproj/Main.storyboard; sourceTree = "<group>"; };
		36302D2F24AB7B2C001CA08C /* Info.plist */ = {isa = PBXFileReference; lastKnownFileType = text.plist.xml; path = Info.plist; sourceTree = "<group>"; };
		36302D3024AB7B2C001CA08C /* ModelingTool.entitlements */ = {isa = PBXFileReference; lastKnownFileType = text.plist.entitlements; path = ModelingTool.entitlements; sourceTree = "<group>"; };
		36302D3624AB7C0D001CA08C /* BrandStruct.swift */ = {isa = PBXFileReference; lastKnownFileType = sourcecode.swift; path = BrandStruct.swift; sourceTree = "<group>"; };
		36302D3924AB823C001CA08C /* GlobalConstants.swift */ = {isa = PBXFileReference; lastKnownFileType = sourcecode.swift; path = GlobalConstants.swift; sourceTree = "<group>"; };
		36DD1F7624AC459D00D1AFF5 /* TemplateItemCell.swift */ = {isa = PBXFileReference; lastKnownFileType = sourcecode.swift; path = TemplateItemCell.swift; sourceTree = "<group>"; };
		36DD1F7824AC5BA400D1AFF5 /* RecipeTemplateCell.swift */ = {isa = PBXFileReference; lastKnownFileType = sourcecode.swift; path = RecipeTemplateCell.swift; sourceTree = "<group>"; };
		36DD1F7D24ACC8DA00D1AFF5 /* ProductNamePriceCell.swift */ = {isa = PBXFileReference; lastKnownFileType = sourcecode.swift; path = ProductNamePriceCell.swift; sourceTree = "<group>"; };
		36DD1F8124AD833200D1AFF5 /* RecipeItemsCell.swift */ = {isa = PBXFileReference; lastKnownFileType = sourcecode.swift; path = RecipeItemsCell.swift; sourceTree = "<group>"; };
		36DD1F8624B14E0700D1AFF5 /* TemplateSequenceCell.swift */ = {isa = PBXFileReference; lastKnownFileType = sourcecode.swift; path = TemplateSequenceCell.swift; sourceTree = "<group>"; };
/* End PBXFileReference section */

/* Begin PBXFrameworksBuildPhase section */
		36302D1D24AB7B2A001CA08C /* Frameworks */ = {
			isa = PBXFrameworksBuildPhase;
			buildActionMask = 2147483647;
			files = (
			);
			runOnlyForDeploymentPostprocessing = 0;
		};
/* End PBXFrameworksBuildPhase section */

/* Begin PBXGroup section */
		36302D1724AB7B2A001CA08C = {
			isa = PBXGroup;
			children = (
				36302D2224AB7B2A001CA08C /* ModelingTool */,
				36302D2124AB7B2A001CA08C /* Products */,
			);
			sourceTree = "<group>";
		};
		36302D2124AB7B2A001CA08C /* Products */ = {
			isa = PBXGroup;
			children = (
				36302D2024AB7B2A001CA08C /* ModelingTool.app */,
			);
			name = Products;
			sourceTree = "<group>";
		};
		36302D2224AB7B2A001CA08C /* ModelingTool */ = {
			isa = PBXGroup;
			children = (
				36DD1F7524AC191D00D1AFF5 /* CustomCell */,
				36302D2324AB7B2A001CA08C /* AppDelegate.swift */,
				36302D2A24AB7B2C001CA08C /* Assets.xcassets */,
				36302D2C24AB7B2C001CA08C /* Main.storyboard */,
				36302D2524AB7B2A001CA08C /* ViewController.swift */,
				36302D2F24AB7B2C001CA08C /* Info.plist */,
				36302D3024AB7B2C001CA08C /* ModelingTool.entitlements */,
				36302D2724AB7B2A001CA08C /* ModelingTool.xcdatamodeld */,
				36302D3624AB7C0D001CA08C /* BrandStruct.swift */,
				36302D3924AB823C001CA08C /* GlobalConstants.swift */,
			);
			path = ModelingTool;
			sourceTree = "<group>";
		};
		36DD1F7524AC191D00D1AFF5 /* CustomCell */ = {
			isa = PBXGroup;
			children = (
				36DD1F8624B14E0700D1AFF5 /* TemplateSequenceCell.swift */,
				36DD1F7624AC459D00D1AFF5 /* TemplateItemCell.swift */,
				36DD1F7824AC5BA400D1AFF5 /* RecipeTemplateCell.swift */,
				36DD1F7D24ACC8DA00D1AFF5 /* ProductNamePriceCell.swift */,
				36DD1F8124AD833200D1AFF5 /* RecipeItemsCell.swift */,
			);
			path = CustomCell;
			sourceTree = "<group>";
		};
/* End PBXGroup section */

/* Begin PBXNativeTarget section */
		36302D1F24AB7B2A001CA08C /* ModelingTool */ = {
			isa = PBXNativeTarget;
			buildConfigurationList = 36302D3324AB7B2C001CA08C /* Build configuration list for PBXNativeTarget "ModelingTool" */;
			buildPhases = (
				36302D1C24AB7B2A001CA08C /* Sources */,
				36302D1D24AB7B2A001CA08C /* Frameworks */,
				36302D1E24AB7B2A001CA08C /* Resources */,
			);
			buildRules = (
			);
			dependencies = (
			);
			name = ModelingTool;
			productName = ModelingTool;
			productReference = 36302D2024AB7B2A001CA08C /* ModelingTool.app */;
			productType = "com.apple.product-type.application";
		};
/* End PBXNativeTarget section */

/* Begin PBXProject section */
		36302D1824AB7B2A001CA08C /* Project object */ = {
			isa = PBXProject;
			attributes = {
				LastSwiftUpdateCheck = 1150;
				LastUpgradeCheck = 1150;
				ORGANIZATIONNAME = JStudio;
				TargetAttributes = {
					36302D1F24AB7B2A001CA08C = {
						CreatedOnToolsVersion = 11.5;
					};
				};
			};
			buildConfigurationList = 36302D1B24AB7B2A001CA08C /* Build configuration list for PBXProject "ModelingTool" */;
			compatibilityVersion = "Xcode 9.3";
			developmentRegion = en;
			hasScannedForEncodings = 0;
			knownRegions = (
				en,
				Base,
			);
			mainGroup = 36302D1724AB7B2A001CA08C;
			productRefGroup = 36302D2124AB7B2A001CA08C /* Products */;
			projectDirPath = "";
			projectRoot = "";
			targets = (
				36302D1F24AB7B2A001CA08C /* ModelingTool */,
			);
		};
/* End PBXProject section */

/* Begin PBXResourcesBuildPhase section */
		36302D1E24AB7B2A001CA08C /* Resources */ = {
			isa = PBXResourcesBuildPhase;
			buildActionMask = 2147483647;
			files = (
				36302D2B24AB7B2C001CA08C /* Assets.xcassets in Resources */,
				36302D2E24AB7B2C001CA08C /* Main.storyboard in Resources */,
			);
			runOnlyForDeploymentPostprocessing = 0;
		};
/* End PBXResourcesBuildPhase section */

/* Begin PBXSourcesBuildPhase section */
		36302D1C24AB7B2A001CA08C /* Sources */ = {
			isa = PBXSourcesBuildPhase;
			buildActionMask = 2147483647;
			files = (
				36DD1F7924AC5BA400D1AFF5 /* RecipeTemplateCell.swift in Sources */,
				36DD1F7724AC459D00D1AFF5 /* TemplateItemCell.swift in Sources */,
				36DD1F7E24ACC8DA00D1AFF5 /* ProductNamePriceCell.swift in Sources */,
				36302D3724AB7C0D001CA08C /* BrandStruct.swift in Sources */,
				36302D2624AB7B2A001CA08C /* ViewController.swift in Sources */,
				36DD1F8224AD833200D1AFF5 /* RecipeItemsCell.swift in Sources */,
				36302D3A24AB823C001CA08C /* GlobalConstants.swift in Sources */,
				36302D2924AB7B2A001CA08C /* ModelingTool.xcdatamodeld in Sources */,
				36DD1F8724B14E0700D1AFF5 /* TemplateSequenceCell.swift in Sources */,
				36302D2424AB7B2A001CA08C /* AppDelegate.swift in Sources */,
			);
			runOnlyForDeploymentPostprocessing = 0;
		};
/* End PBXSourcesBuildPhase section */

/* Begin PBXVariantGroup section */
		36302D2C24AB7B2C001CA08C /* Main.storyboard */ = {
			isa = PBXVariantGroup;
			children = (
				36302D2D24AB7B2C001CA08C /* Base */,
			);
			name = Main.storyboard;
			sourceTree = "<group>";
		};
/* End PBXVariantGroup section */

/* Begin XCBuildConfiguration section */
		36302D3124AB7B2C001CA08C /* Debug */ = {
			isa = XCBuildConfiguration;
			buildSettings = {
				ALWAYS_SEARCH_USER_PATHS = NO;
				CLANG_ANALYZER_NONNULL = YES;
				CLANG_ANALYZER_NUMBER_OBJECT_CONVERSION = YES_AGGRESSIVE;
				CLANG_CXX_LANGUAGE_STANDARD = "gnu++14";
				CLANG_CXX_LIBRARY = "libc++";
				CLANG_ENABLE_MODULES = YES;
				CLANG_ENABLE_OBJC_ARC = YES;
				CLANG_ENABLE_OBJC_WEAK = YES;
				CLANG_WARN_BLOCK_CAPTURE_AUTORELEASING = YES;
				CLANG_WARN_BOOL_CONVERSION = YES;
				CLANG_WARN_COMMA = YES;
				CLANG_WARN_CONSTANT_CONVERSION = YES;
				CLANG_WARN_DEPRECATED_OBJC_IMPLEMENTATIONS = YES;
				CLANG_WARN_DIRECT_OBJC_ISA_USAGE = YES_ERROR;
				CLANG_WARN_DOCUMENTATION_COMMENTS = YES;
				CLANG_WARN_EMPTY_BODY = YES;
				CLANG_WARN_ENUM_CONVERSION = YES;
				CLANG_WARN_INFINITE_RECURSION = YES;
				CLANG_WARN_INT_CONVERSION = YES;
				CLANG_WARN_NON_LITERAL_NULL_CONVERSION = YES;
				CLANG_WARN_OBJC_IMPLICIT_RETAIN_SELF = YES;
				CLANG_WARN_OBJC_LITERAL_CONVERSION = YES;
				CLANG_WARN_OBJC_ROOT_CLASS = YES_ERROR;
				CLANG_WARN_RANGE_LOOP_ANALYSIS = YES;
				CLANG_WARN_STRICT_PROTOTYPES = YES;
				CLANG_WARN_SUSPICIOUS_MOVE = YES;
				CLANG_WARN_UNGUARDED_AVAILABILITY = YES_AGGRESSIVE;
				CLANG_WARN_UNREACHABLE_CODE = YES;
				CLANG_WARN__DUPLICATE_METHOD_MATCH = YES;
				COPY_PHASE_STRIP = NO;
				DEBUG_INFORMATION_FORMAT = dwarf;
				ENABLE_STRICT_OBJC_MSGSEND = YES;
				ENABLE_TESTABILITY = YES;
				GCC_C_LANGUAGE_STANDARD = gnu11;
				GCC_DYNAMIC_NO_PIC = NO;
				GCC_NO_COMMON_BLOCKS = YES;
				GCC_OPTIMIZATION_LEVEL = 0;
				GCC_PREPROCESSOR_DEFINITIONS = (
					"DEBUG=1",
					"$(inherited)",
				);
				GCC_WARN_64_TO_32_BIT_CONVERSION = YES;
				GCC_WARN_ABOUT_RETURN_TYPE = YES_ERROR;
				GCC_WARN_UNDECLARED_SELECTOR = YES;
				GCC_WARN_UNINITIALIZED_AUTOS = YES_AGGRESSIVE;
				GCC_WARN_UNUSED_FUNCTION = YES;
				GCC_WARN_UNUSED_VARIABLE = YES;
				MACOSX_DEPLOYMENT_TARGET = 10.15;
				MTL_ENABLE_DEBUG_INFO = INCLUDE_SOURCE;
				MTL_FAST_MATH = YES;
				ONLY_ACTIVE_ARCH = YES;
				SDKROOT = macosx;
				SWIFT_ACTIVE_COMPILATION_CONDITIONS = DEBUG;
				SWIFT_OPTIMIZATION_LEVEL = "-Onone";
			};
			name = Debug;
		};
		36302D3224AB7B2C001CA08C /* Release */ = {
			isa = XCBuildConfiguration;
			buildSettings = {
				ALWAYS_SEARCH_USER_PATHS = NO;
				CLANG_ANALYZER_NONNULL = YES;
				CLANG_ANALYZER_NUMBER_OBJECT_CONVERSION = YES_AGGRESSIVE;
				CLANG_CXX_LANGUAGE_STANDARD = "gnu++14";
				CLANG_CXX_LIBRARY = "libc++";
				CLANG_ENABLE_MODULES = YES;
				CLANG_ENABLE_OBJC_ARC = YES;
				CLANG_ENABLE_OBJC_WEAK = YES;
				CLANG_WARN_BLOCK_CAPTURE_AUTORELEASING = YES;
				CLANG_WARN_BOOL_CONVERSION = YES;
				CLANG_WARN_COMMA = YES;
				CLANG_WARN_CONSTANT_CONVERSION = YES;
				CLANG_WARN_DEPRECATED_OBJC_IMPLEMENTATIONS = YES;
				CLANG_WARN_DIRECT_OBJC_ISA_USAGE = YES_ERROR;
				CLANG_WARN_DOCUMENTATION_COMMENTS = YES;
				CLANG_WARN_EMPTY_BODY = YES;
				CLANG_WARN_ENUM_CONVERSION = YES;
				CLANG_WARN_INFINITE_RECURSION = YES;
				CLANG_WARN_INT_CONVERSION = YES;
				CLANG_WARN_NON_LITERAL_NULL_CONVERSION = YES;
				CLANG_WARN_OBJC_IMPLICIT_RETAIN_SELF = YES;
				CLANG_WARN_OBJC_LITERAL_CONVERSION = YES;
				CLANG_WARN_OBJC_ROOT_CLASS = YES_ERROR;
				CLANG_WARN_RANGE_LOOP_ANALYSIS = YES;
				CLANG_WARN_STRICT_PROTOTYPES = YES;
				CLANG_WARN_SUSPICIOUS_MOVE = YES;
				CLANG_WARN_UNGUARDED_AVAILABILITY = YES_AGGRESSIVE;
				CLANG_WARN_UNREACHABLE_CODE = YES;
				CLANG_WARN__DUPLICATE_METHOD_MATCH = YES;
				COPY_PHASE_STRIP = NO;
				DEBUG_INFORMATION_FORMAT = "dwarf-with-dsym";
				ENABLE_NS_ASSERTIONS = NO;
				ENABLE_STRICT_OBJC_MSGSEND = YES;
				GCC_C_LANGUAGE_STANDARD = gnu11;
				GCC_NO_COMMON_BLOCKS = YES;
				GCC_WARN_64_TO_32_BIT_CONVERSION = YES;
				GCC_WARN_ABOUT_RETURN_TYPE = YES_ERROR;
				GCC_WARN_UNDECLARED_SELECTOR = YES;
				GCC_WARN_UNINITIALIZED_AUTOS = YES_AGGRESSIVE;
				GCC_WARN_UNUSED_FUNCTION = YES;
				GCC_WARN_UNUSED_VARIABLE = YES;
				MACOSX_DEPLOYMENT_TARGET = 10.15;
				MTL_ENABLE_DEBUG_INFO = NO;
				MTL_FAST_MATH = YES;
				SDKROOT = macosx;
				SWIFT_COMPILATION_MODE = wholemodule;
				SWIFT_OPTIMIZATION_LEVEL = "-O";
			};
			name = Release;
		};
		36302D3424AB7B2C001CA08C /* Debug */ = {
			isa = XCBuildConfiguration;
			buildSettings = {
				ASSETCATALOG_COMPILER_APPICON_NAME = AppIcon;
				CODE_SIGN_ENTITLEMENTS = ModelingTool/ModelingTool.entitlements;
				CODE_SIGN_STYLE = Automatic;
				COMBINE_HIDPI_IMAGES = YES;
				DEVELOPMENT_TEAM = 34KF2N2J26;
				ENABLE_HARDENED_RUNTIME = YES;
				INFOPLIST_FILE = ModelingTool/Info.plist;
				LD_RUNPATH_SEARCH_PATHS = (
					"$(inherited)",
					"@executable_path/../Frameworks",
				);
				PRODUCT_BUNDLE_IDENTIFIER = TeamPlus.ModelingTool;
				PRODUCT_NAME = "$(TARGET_NAME)";
				SWIFT_VERSION = 5.0;
			};
			name = Debug;
		};
		36302D3524AB7B2C001CA08C /* Release */ = {
			isa = XCBuildConfiguration;
			buildSettings = {
				ASSETCATALOG_COMPILER_APPICON_NAME = AppIcon;
				CODE_SIGN_ENTITLEMENTS = ModelingTool/ModelingTool.entitlements;
				CODE_SIGN_STYLE = Automatic;
				COMBINE_HIDPI_IMAGES = YES;
				DEVELOPMENT_TEAM = 34KF2N2J26;
				ENABLE_HARDENED_RUNTIME = YES;
				INFOPLIST_FILE = ModelingTool/Info.plist;
				LD_RUNPATH_SEARCH_PATHS = (
					"$(inherited)",
					"@executable_path/../Frameworks",
				);
				PRODUCT_BUNDLE_IDENTIFIER = TeamPlus.ModelingTool;
				PRODUCT_NAME = "$(TARGET_NAME)";
				SWIFT_VERSION = 5.0;
			};
			name = Release;
		};
/* End XCBuildConfiguration section */

/* Begin XCConfigurationList section */
		36302D1B24AB7B2A001CA08C /* Build configuration list for PBXProject "ModelingTool" */ = {
			isa = XCConfigurationList;
			buildConfigurations = (
				36302D3124AB7B2C001CA08C /* Debug */,
				36302D3224AB7B2C001CA08C /* Release */,
			);
			defaultConfigurationIsVisible = 0;
			defaultConfigurationName = Release;
		};
		36302D3324AB7B2C001CA08C /* Build configuration list for PBXNativeTarget "ModelingTool" */ = {
			isa = XCConfigurationList;
			buildConfigurations = (
				36302D3424AB7B2C001CA08C /* Debug */,
				36302D3524AB7B2C001CA08C /* Release */,
			);
			defaultConfigurationIsVisible = 0;
			defaultConfigurationName = Release;
		};
/* End XCConfigurationList section */

/* Begin XCVersionGroup section */
		36302D2724AB7B2A001CA08C /* ModelingTool.xcdatamodeld */ = {
			isa = XCVersionGroup;
			children = (
				36302D2824AB7B2A001CA08C /* ModelingTool.xcdatamodel */,
			);
			currentVersion = 36302D2824AB7B2A001CA08C /* ModelingTool.xcdatamodel */;
			path = ModelingTool.xcdatamodeld;
			sourceTree = "<group>";
			versionGroupType = wrapper.xcdatamodel;
		};
/* End XCVersionGroup section */
	};
	rootObject = 36302D1824AB7B2A001CA08C /* Project object */;
}
